
Microsoft Visual Studio Solution File, Format Version 12.00
# Visual Studio Version 17
VisualStudioVersion = 17.5.33502.453
MinimumVisualStudioVersion = 10.0.40219.1
Project("{FAE04EC0-301F-11D3-BF4B-00C04F79EFBC}") = "State_Machine", "State_Machine\State_Machine.csproj", "{1E71EB1A-9E52-48DB-9C1F-6690EA14BA07}"
EndProject
Global
	GlobalSection(SolutionConfigurationPlatforms) = preSolution
		Debug|Any CPU = Debug|Any CPU
		Release|Any CPU = Release|Any CPU
	EndGlobalSection
	GlobalSection(ProjectConfigurationPlatforms) = postSolution
		{1E71EB1A-9E52-48DB-9C1F-6690EA14BA07}.Debug|Any CPU.ActiveCfg = Debug|Any CPU
		{1E71EB1A-9E52-48DB-9C1F-6690EA14BA07}.Debug|Any CPU.Build.0 = Debug|Any CPU
		{1E71EB1A-9E52-48DB-9C1F-6690EA14BA07}.Release|Any CPU.ActiveCfg = Release|Any CPU
		{1E71EB1A-9E52-48DB-9C1F-6690EA14BA07}.Release|Any CPU.Build.0 = Release|Any CPU
	EndGlobalSection
	GlobalSection(SolutionProperties) = preSolution
		HideSolutionNode = FALSE
	EndGlobalSection
	GlobalSection(ExtensibilityGlobals) = postSolution
		SolutionGuid = {BDC544D6-BDB6-4040-962C-2DC8BF862B11}
	EndGlobalSection
EndGlobal
